
Microsoft Visual Studio Solution File, Format Version 12.00
# Visual Studio Version 17
VisualStudioVersion = 17.5.33424.131
MinimumVisualStudioVersion = 10.0.40219.1
Project("{8BC9CEB8-8B4A-11D0-8D11-00A0C91BC942}") = "CudaRuntime1", "CudaRuntime1\CudaRuntime1.vcxproj", "{7915C6CA-426A-4A92-81FC-5EBE7347F0A3}"
EndProject
Global
	GlobalSection(SolutionConfigurationPlatforms) = preSolution
		Debug|x64 = Debug|x64
		Release|x64 = Release|x64
	EndGlobalSection
	GlobalSection(ProjectConfigurationPlatforms) = postSolution
		{7915C6CA-426A-4A92-81FC-5EBE7347F0A3}.Debug|x64.ActiveCfg = Debug|x64
		{7915C6CA-426A-4A92-81FC-5EBE7347F0A3}.Debug|x64.Build.0 = Debug|x64
		{7915C6CA-426A-4A92-81FC-5EBE7347F0A3}.Release|x64.ActiveCfg = Release|x64
		{7915C6CA-426A-4A92-81FC-5EBE7347F0A3}.Release|x64.Build.0 = Release|x64
	EndGlobalSection
	GlobalSection(SolutionProperties) = preSolution
		HideSolutionNode = FALSE
	EndGlobalSection
	GlobalSection(ExtensibilityGlobals) = postSolution
		SolutionGuid = {8D30E074-CFE6-4322-8222-9E60F3C10B9A}
	EndGlobalSection
EndGlobal
